
Microsoft Visual Studio Solution File, Format Version 12.00
Project("{FAE04EC0-301F-11D3-BF4B-00C04F79EFBC}") = "day01", "2015\day01\dotnet\day01.csproj", "{9C8F4B0F-B17A-4D19-874A-ED1DE235390F}"
EndProject
Project("{FAE04EC0-301F-11D3-BF4B-00C04F79EFBC}") = "day02", "2015\day02\dotnet\day02.csproj", "{9D62A698-C1FD-458D-AEBE-3B10C7D8C05C}"
EndProject
Project("{FAE04EC0-301F-11D3-BF4B-00C04F79EFBC}") = "day03", "2015\day03\dotnet\day03.csproj", "{78C83A54-4A5D-4D7C-8C09-BDED49AE1FD6}"
EndProject
Project("{FAE04EC0-301F-11D3-BF4B-00C04F79EFBC}") = "day04", "2015\day04\dotnet\day04.csproj", "{10DE9151-834C-4D89-AC91-4AF8FFA5A4EE}"
EndProject
Project("{FAE04EC0-301F-11D3-BF4B-00C04F79EFBC}") = "day05", "2015\day05\dotnet\day05.csproj", "{CEDD9AC7-80C3-447E-ABB4-A5185C5FFE81}"
EndProject
Project("{FAE04EC0-301F-11D3-BF4B-00C04F79EFBC}") = "day06", "2015\day06\dotnet\day06.csproj", "{D1472AAE-21D8-4EA4-B343-93BD8567EE2F}"
EndProject
Project("{FAE04EC0-301F-11D3-BF4B-00C04F79EFBC}") = "day07", "2015\day07\dotnet\day07.csproj", "{35CE3A0B-413F-4BCB-94B6-EA6B1278A46C}"
EndProject
Project("{FAE04EC0-301F-11D3-BF4B-00C04F79EFBC}") = "day08", "2015\day08\dotnet\day08.csproj", "{1AE8C7FB-BEFF-41FE-B068-8096119162A3}"
EndProject
Project("{FAE04EC0-301F-11D3-BF4B-00C04F79EFBC}") = "day09", "2015\day09\dotnet\day09.csproj", "{6AB8652E-6028-4E86-A539-51AAEFF587DC}"
EndProject
Project("{FAE04EC0-301F-11D3-BF4B-00C04F79EFBC}") = "day10", "2015\day10\dotnet\day10.csproj", "{3774835B-0F93-4055-95F6-D32F29037DEB}"
EndProject
Project("{FAE04EC0-301F-11D3-BF4B-00C04F79EFBC}") = "day11", "2015\day11\dotnet\day11.csproj", "{E01D08FC-0EB8-43E7-9B8B-6DA8194504C5}"
EndProject
Project("{FAE04EC0-301F-11D3-BF4B-00C04F79EFBC}") = "day12", "2015\day12\dotnet\day12.csproj", "{E8E0FEB2-0ABE-4775-BC4A-297A0219ABED}"
EndProject
Project("{FAE04EC0-301F-11D3-BF4B-00C04F79EFBC}") = "day13", "2015\day13\dotnet\day13.csproj", "{5B20C16B-C6AF-4943-9AEA-E7F03AA0FBCE}"
EndProject
Project("{FAE04EC0-301F-11D3-BF4B-00C04F79EFBC}") = "day14", "2015\day14\dotnet\day14.csproj", "{7E202806-554C-489D-AC73-3247028DD3A3}"
EndProject
Project("{FAE04EC0-301F-11D3-BF4B-00C04F79EFBC}") = "day15", "2015\day15\dotnet\day15.csproj", "{33C0357A-52C2-4E54-AD1C-A57BD41DD20D}"
EndProject
Project("{FAE04EC0-301F-11D3-BF4B-00C04F79EFBC}") = "day16", "2015\day16\dotnet\day16.csproj", "{21C61BA0-0967-44EA-BD4E-86412BBFE8E2}"
EndProject
Global
	GlobalSection(SolutionConfigurationPlatforms) = preSolution
		Debug|Any CPU = Debug|Any CPU
		Release|Any CPU = Release|Any CPU
	EndGlobalSection
	GlobalSection(ProjectConfigurationPlatforms) = postSolution
		{9C8F4B0F-B17A-4D19-874A-ED1DE235390F}.Debug|Any CPU.ActiveCfg = Debug|Any CPU
		{9C8F4B0F-B17A-4D19-874A-ED1DE235390F}.Debug|Any CPU.Build.0 = Debug|Any CPU
		{9C8F4B0F-B17A-4D19-874A-ED1DE235390F}.Release|Any CPU.ActiveCfg = Release|Any CPU
		{9C8F4B0F-B17A-4D19-874A-ED1DE235390F}.Release|Any CPU.Build.0 = Release|Any CPU
		{9D62A698-C1FD-458D-AEBE-3B10C7D8C05C}.Debug|Any CPU.ActiveCfg = Debug|Any CPU
		{9D62A698-C1FD-458D-AEBE-3B10C7D8C05C}.Debug|Any CPU.Build.0 = Debug|Any CPU
		{9D62A698-C1FD-458D-AEBE-3B10C7D8C05C}.Release|Any CPU.ActiveCfg = Release|Any CPU
		{9D62A698-C1FD-458D-AEBE-3B10C7D8C05C}.Release|Any CPU.Build.0 = Release|Any CPU
		{78C83A54-4A5D-4D7C-8C09-BDED49AE1FD6}.Debug|Any CPU.ActiveCfg = Debug|Any CPU
		{78C83A54-4A5D-4D7C-8C09-BDED49AE1FD6}.Debug|Any CPU.Build.0 = Debug|Any CPU
		{78C83A54-4A5D-4D7C-8C09-BDED49AE1FD6}.Release|Any CPU.ActiveCfg = Release|Any CPU
		{78C83A54-4A5D-4D7C-8C09-BDED49AE1FD6}.Release|Any CPU.Build.0 = Release|Any CPU
		{10DE9151-834C-4D89-AC91-4AF8FFA5A4EE}.Debug|Any CPU.ActiveCfg = Debug|Any CPU
		{10DE9151-834C-4D89-AC91-4AF8FFA5A4EE}.Debug|Any CPU.Build.0 = Debug|Any CPU
		{10DE9151-834C-4D89-AC91-4AF8FFA5A4EE}.Release|Any CPU.ActiveCfg = Release|Any CPU
		{10DE9151-834C-4D89-AC91-4AF8FFA5A4EE}.Release|Any CPU.Build.0 = Release|Any CPU
		{CEDD9AC7-80C3-447E-ABB4-A5185C5FFE81}.Debug|Any CPU.ActiveCfg = Debug|Any CPU
		{CEDD9AC7-80C3-447E-ABB4-A5185C5FFE81}.Debug|Any CPU.Build.0 = Debug|Any CPU
		{CEDD9AC7-80C3-447E-ABB4-A5185C5FFE81}.Release|Any CPU.ActiveCfg = Release|Any CPU
		{CEDD9AC7-80C3-447E-ABB4-A5185C5FFE81}.Release|Any CPU.Build.0 = Release|Any CPU
		{D1472AAE-21D8-4EA4-B343-93BD8567EE2F}.Debug|Any CPU.ActiveCfg = Debug|Any CPU
		{D1472AAE-21D8-4EA4-B343-93BD8567EE2F}.Debug|Any CPU.Build.0 = Debug|Any CPU
		{D1472AAE-21D8-4EA4-B343-93BD8567EE2F}.Release|Any CPU.ActiveCfg = Release|Any CPU
		{D1472AAE-21D8-4EA4-B343-93BD8567EE2F}.Release|Any CPU.Build.0 = Release|Any CPU
		{35CE3A0B-413F-4BCB-94B6-EA6B1278A46C}.Debug|Any CPU.ActiveCfg = Debug|Any CPU
		{35CE3A0B-413F-4BCB-94B6-EA6B1278A46C}.Debug|Any CPU.Build.0 = Debug|Any CPU
		{35CE3A0B-413F-4BCB-94B6-EA6B1278A46C}.Release|Any CPU.ActiveCfg = Release|Any CPU
		{35CE3A0B-413F-4BCB-94B6-EA6B1278A46C}.Release|Any CPU.Build.0 = Release|Any CPU
		{1AE8C7FB-BEFF-41FE-B068-8096119162A3}.Debug|Any CPU.ActiveCfg = Debug|Any CPU
		{1AE8C7FB-BEFF-41FE-B068-8096119162A3}.Debug|Any CPU.Build.0 = Debug|Any CPU
		{1AE8C7FB-BEFF-41FE-B068-8096119162A3}.Release|Any CPU.ActiveCfg = Release|Any CPU
		{1AE8C7FB-BEFF-41FE-B068-8096119162A3}.Release|Any CPU.Build.0 = Release|Any CPU
		{6AB8652E-6028-4E86-A539-51AAEFF587DC}.Debug|Any CPU.ActiveCfg = Debug|Any CPU
		{6AB8652E-6028-4E86-A539-51AAEFF587DC}.Debug|Any CPU.Build.0 = Debug|Any CPU
		{6AB8652E-6028-4E86-A539-51AAEFF587DC}.Release|Any CPU.ActiveCfg = Release|Any CPU
		{6AB8652E-6028-4E86-A539-51AAEFF587DC}.Release|Any CPU.Build.0 = Release|Any CPU
		{3774835B-0F93-4055-95F6-D32F29037DEB}.Debug|Any CPU.ActiveCfg = Debug|Any CPU
		{3774835B-0F93-4055-95F6-D32F29037DEB}.Debug|Any CPU.Build.0 = Debug|Any CPU
		{3774835B-0F93-4055-95F6-D32F29037DEB}.Release|Any CPU.ActiveCfg = Release|Any CPU
		{3774835B-0F93-4055-95F6-D32F29037DEB}.Release|Any CPU.Build.0 = Release|Any CPU
		{E01D08FC-0EB8-43E7-9B8B-6DA8194504C5}.Debug|Any CPU.ActiveCfg = Debug|Any CPU
		{E01D08FC-0EB8-43E7-9B8B-6DA8194504C5}.Debug|Any CPU.Build.0 = Debug|Any CPU
		{E01D08FC-0EB8-43E7-9B8B-6DA8194504C5}.Release|Any CPU.ActiveCfg = Release|Any CPU
		{E01D08FC-0EB8-43E7-9B8B-6DA8194504C5}.Release|Any CPU.Build.0 = Release|Any CPU
		{E8E0FEB2-0ABE-4775-BC4A-297A0219ABED}.Debug|Any CPU.ActiveCfg = Debug|Any CPU
		{E8E0FEB2-0ABE-4775-BC4A-297A0219ABED}.Debug|Any CPU.Build.0 = Debug|Any CPU
		{E8E0FEB2-0ABE-4775-BC4A-297A0219ABED}.Release|Any CPU.ActiveCfg = Release|Any CPU
		{E8E0FEB2-0ABE-4775-BC4A-297A0219ABED}.Release|Any CPU.Build.0 = Release|Any CPU
		{5B20C16B-C6AF-4943-9AEA-E7F03AA0FBCE}.Debug|Any CPU.ActiveCfg = Debug|Any CPU
		{5B20C16B-C6AF-4943-9AEA-E7F03AA0FBCE}.Debug|Any CPU.Build.0 = Debug|Any CPU
		{5B20C16B-C6AF-4943-9AEA-E7F03AA0FBCE}.Release|Any CPU.ActiveCfg = Release|Any CPU
		{5B20C16B-C6AF-4943-9AEA-E7F03AA0FBCE}.Release|Any CPU.Build.0 = Release|Any CPU
		{7E202806-554C-489D-AC73-3247028DD3A3}.Debug|Any CPU.ActiveCfg = Debug|Any CPU
		{7E202806-554C-489D-AC73-3247028DD3A3}.Debug|Any CPU.Build.0 = Debug|Any CPU
		{7E202806-554C-489D-AC73-3247028DD3A3}.Release|Any CPU.ActiveCfg = Release|Any CPU
		{7E202806-554C-489D-AC73-3247028DD3A3}.Release|Any CPU.Build.0 = Release|Any CPU
		{33C0357A-52C2-4E54-AD1C-A57BD41DD20D}.Debug|Any CPU.ActiveCfg = Debug|Any CPU
		{33C0357A-52C2-4E54-AD1C-A57BD41DD20D}.Debug|Any CPU.Build.0 = Debug|Any CPU
		{33C0357A-52C2-4E54-AD1C-A57BD41DD20D}.Release|Any CPU.ActiveCfg = Release|Any CPU
		{33C0357A-52C2-4E54-AD1C-A57BD41DD20D}.Release|Any CPU.Build.0 = Release|Any CPU
		{21C61BA0-0967-44EA-BD4E-86412BBFE8E2}.Debug|Any CPU.ActiveCfg = Debug|Any CPU
		{21C61BA0-0967-44EA-BD4E-86412BBFE8E2}.Debug|Any CPU.Build.0 = Debug|Any CPU
		{21C61BA0-0967-44EA-BD4E-86412BBFE8E2}.Release|Any CPU.ActiveCfg = Release|Any CPU
		{21C61BA0-0967-44EA-BD4E-86412BBFE8E2}.Release|Any CPU.Build.0 = Release|Any CPU
	EndGlobalSection
EndGlobal
